PODS:
  - LSCreditCardForm (1.0.0)

DEPENDENCIES:
  - LSCreditCardForm (from `../`)

EXTERNAL SOURCES:
  LSCreditCardForm:
    :path: ../

SPEC CHECKSUMS:
  LSCreditCardForm: 9727c2e32884f09f7e64792d6c9d8a6932b3af39

PODFILE CHECKSUM: 03d9bc629a1c9655a58583c8291eeeb3c44ec0a5

COCOAPODS: 1.4.0.beta.2
